
Microsoft Visual Studio Solution File, Format Version 12.00
# Visual Studio Version 17
VisualStudioVersion = 17.0.32112.339
MinimumVisualStudioVersion = 10.0.40219.1
Project("{FAE04EC0-301F-11D3-BF4B-00C04F79EFBC}") = "WeatherStation", "WeatherStation\WeatherStation.csproj", "{CF692E89-10FE-423B-92D0-585A916D1F3E}"
EndProject
Project("{FAE04EC0-301F-11D3-BF4B-00C04F79EFBC}") = "WeatherDataLib", "WeatherDataLib\WeatherDataLib.csproj", "{9AE8919B-06DF-4148-9F31-C70693E0451B}"
EndProject
Global
	GlobalSection(SolutionConfigurationPlatforms) = preSolution
		Debug|Any CPU = Debug|Any CPU
		Release|Any CPU = Release|Any CPU
	EndGlobalSection
	GlobalSection(ProjectConfigurationPlatforms) = postSolution
		{CF692E89-10FE-423B-92D0-585A916D1F3E}.Debug|Any CPU.ActiveCfg = Debug|Any CPU
		{CF692E89-10FE-423B-92D0-585A916D1F3E}.Debug|Any CPU.Build.0 = Debug|Any CPU
		{CF692E89-10FE-423B-92D0-585A916D1F3E}.Release|Any CPU.ActiveCfg = Release|Any CPU
		{CF692E89-10FE-423B-92D0-585A916D1F3E}.Release|Any CPU.Build.0 = Release|Any CPU
		{9AE8919B-06DF-4148-9F31-C70693E0451B}.Debug|Any CPU.ActiveCfg = Debug|Any CPU
		{9AE8919B-06DF-4148-9F31-C70693E0451B}.Debug|Any CPU.Build.0 = Debug|Any CPU
		{9AE8919B-06DF-4148-9F31-C70693E0451B}.Release|Any CPU.ActiveCfg = Release|Any CPU
		{9AE8919B-06DF-4148-9F31-C70693E0451B}.Release|Any CPU.Build.0 = Release|Any CPU
	EndGlobalSection
	GlobalSection(SolutionProperties) = preSolution
		HideSolutionNode = FALSE
	EndGlobalSection
	GlobalSection(ExtensibilityGlobals) = postSolution
		SolutionGuid = {C9EA24B0-02A0-4D23-B4FD-3D8C018887A4}
	EndGlobalSection
EndGlobal
